
Microsoft Visual Studio Solution File, Format Version 12.00
# Visual Studio Version 17
VisualStudioVersion = 17.10.34928.147
MinimumVisualStudioVersion = 10.0.40219.1
Project("{2150E333-8FDC-42A3-9474-1A3956D46DE8}") = "Src", "Src", "{EFB61B43-706F-4EB2-B5B6-9AF4B0DD2912}"
EndProject
Project("{2150E333-8FDC-42A3-9474-1A3956D46DE8}") = "Tests", "Tests", "{F5FB23BC-403F-404B-9B68-4024897684FB}"
EndProject
Project("{2150E333-8FDC-42A3-9474-1A3956D46DE8}") = "Core", "Core", "{D0C38F75-7C62-4E91-9E89-0DD34CCF9A81}"
EndProject
Project("{2150E333-8FDC-42A3-9474-1A3956D46DE8}") = "Infra", "Infra", "{F5B3C2CE-C317-4407-90CC-B51978EF9517}"
EndProject
Project("{2150E333-8FDC-42A3-9474-1A3956D46DE8}") = "Presentation", "Presentation", "{C2398805-72D5-4F91-A5C3-CFCD9A27DA0A}"
EndProject
Project("{9A19103F-16F7-4668-BE54-9A1E7A4F7556}") = "Domain", "Src\Core\Domain\Domain.csproj", "{8403A35B-285B-43A7-BF60-1EAC13ADD849}"
EndProject
Project("{9A19103F-16F7-4668-BE54-9A1E7A4F7556}") = "Application.Contracts", "Src\Core\Application.Contracts\Application.Contracts.csproj", "{9E0A6350-A7CF-4750-8548-A9AB8C9539C7}"
EndProject
Project("{9A19103F-16F7-4668-BE54-9A1E7A4F7556}") = "Application", "Src\Core\Application\Application.csproj", "{4484FFBD-F431-41DA-95F6-94F86D0DE571}"
EndProject
Project("{9A19103F-16F7-4668-BE54-9A1E7A4F7556}") = "WebApi", "Src\Presentation\WebApi\WebApi.csproj", "{08C9EC39-0CD4-4CEB-BB95-4DFDB132EF34}"
EndProject
Project("{FAE04EC0-301F-11D3-BF4B-00C04F79EFBC}") = "Persistence.EntityFramework", "Src\Infra\Persistence.EntityFramework\Persistence.EntityFramework.csproj", "{9EBBB716-E148-4203-A3E7-DC63A76AA204}"
EndProject
Global
	GlobalSection(SolutionConfigurationPlatforms) = preSolution
		Debug|Any CPU = Debug|Any CPU
		Release|Any CPU = Release|Any CPU
	EndGlobalSection
	GlobalSection(ProjectConfigurationPlatforms) = postSolution
		{8403A35B-285B-43A7-BF60-1EAC13ADD849}.Debug|Any CPU.ActiveCfg = Debug|Any CPU
		{8403A35B-285B-43A7-BF60-1EAC13ADD849}.Debug|Any CPU.Build.0 = Debug|Any CPU
		{8403A35B-285B-43A7-BF60-1EAC13ADD849}.Release|Any CPU.ActiveCfg = Release|Any CPU
		{8403A35B-285B-43A7-BF60-1EAC13ADD849}.Release|Any CPU.Build.0 = Release|Any CPU
		{9E0A6350-A7CF-4750-8548-A9AB8C9539C7}.Debug|Any CPU.ActiveCfg = Debug|Any CPU
		{9E0A6350-A7CF-4750-8548-A9AB8C9539C7}.Debug|Any CPU.Build.0 = Debug|Any CPU
		{9E0A6350-A7CF-4750-8548-A9AB8C9539C7}.Release|Any CPU.ActiveCfg = Release|Any CPU
		{9E0A6350-A7CF-4750-8548-A9AB8C9539C7}.Release|Any CPU.Build.0 = Release|Any CPU
		{4484FFBD-F431-41DA-95F6-94F86D0DE571}.Debug|Any CPU.ActiveCfg = Debug|Any CPU
		{4484FFBD-F431-41DA-95F6-94F86D0DE571}.Debug|Any CPU.Build.0 = Debug|Any CPU
		{4484FFBD-F431-41DA-95F6-94F86D0DE571}.Release|Any CPU.ActiveCfg = Release|Any CPU
		{4484FFBD-F431-41DA-95F6-94F86D0DE571}.Release|Any CPU.Build.0 = Release|Any CPU
		{08C9EC39-0CD4-4CEB-BB95-4DFDB132EF34}.Debug|Any CPU.ActiveCfg = Debug|Any CPU
		{08C9EC39-0CD4-4CEB-BB95-4DFDB132EF34}.Debug|Any CPU.Build.0 = Debug|Any CPU
		{08C9EC39-0CD4-4CEB-BB95-4DFDB132EF34}.Release|Any CPU.ActiveCfg = Release|Any CPU
		{08C9EC39-0CD4-4CEB-BB95-4DFDB132EF34}.Release|Any CPU.Build.0 = Release|Any CPU
		{9EBBB716-E148-4203-A3E7-DC63A76AA204}.Debug|Any CPU.ActiveCfg = Debug|Any CPU
		{9EBBB716-E148-4203-A3E7-DC63A76AA204}.Debug|Any CPU.Build.0 = Debug|Any CPU
		{9EBBB716-E148-4203-A3E7-DC63A76AA204}.Release|Any CPU.ActiveCfg = Release|Any CPU
		{9EBBB716-E148-4203-A3E7-DC63A76AA204}.Release|Any CPU.Build.0 = Release|Any CPU
	EndGlobalSection
	GlobalSection(SolutionProperties) = preSolution
		HideSolutionNode = FALSE
	EndGlobalSection
	GlobalSection(NestedProjects) = preSolution
		{D0C38F75-7C62-4E91-9E89-0DD34CCF9A81} = {EFB61B43-706F-4EB2-B5B6-9AF4B0DD2912}
		{F5B3C2CE-C317-4407-90CC-B51978EF9517} = {EFB61B43-706F-4EB2-B5B6-9AF4B0DD2912}
		{C2398805-72D5-4F91-A5C3-CFCD9A27DA0A} = {EFB61B43-706F-4EB2-B5B6-9AF4B0DD2912}
		{8403A35B-285B-43A7-BF60-1EAC13ADD849} = {D0C38F75-7C62-4E91-9E89-0DD34CCF9A81}
		{9E0A6350-A7CF-4750-8548-A9AB8C9539C7} = {D0C38F75-7C62-4E91-9E89-0DD34CCF9A81}
		{4484FFBD-F431-41DA-95F6-94F86D0DE571} = {D0C38F75-7C62-4E91-9E89-0DD34CCF9A81}
		{08C9EC39-0CD4-4CEB-BB95-4DFDB132EF34} = {C2398805-72D5-4F91-A5C3-CFCD9A27DA0A}
		{9EBBB716-E148-4203-A3E7-DC63A76AA204} = {F5B3C2CE-C317-4407-90CC-B51978EF9517}
	EndGlobalSection
	GlobalSection(ExtensibilityGlobals) = postSolution
		SolutionGuid = {7FE378BE-B8C4-40BB-BA48-BD2091FA77EE}
	EndGlobalSection
EndGlobal
